// !$*UTF8*$!
{
	archiveVersion = 1;
	classes = {
	};
	objectVersion = 46;
	objects = {

/* Begin PBXBuildFile section */
		4FBC7A8204AA0247492C10BA /* Pods_GRIT.framework in Frameworks */ = {isa = PBXBuildFile; fileRef = 2C5089CF92A82486597B4527 /* Pods_GRIT.framework */; };
		683D99591EA8055F009C6F1C /* Mentors.storyboard in Resources */ = {isa = PBXBuildFile; fileRef = 683D99581EA8055F009C6F1C /* Mentors.storyboard */; };
		683D995B1EA80841009C6F1C /* MentorViewController.swift in Sources */ = {isa = PBXBuildFile; fileRef = 683D995A1EA80841009C6F1C /* MentorViewController.swift */; };
		683D995E1EA81103009C6F1C /* MentorsModel.swift in Sources */ = {isa = PBXBuildFile; fileRef = 683D995D1EA81103009C6F1C /* MentorsModel.swift */; };
		683D99741EA8168C009C6F1C /* MentorTableOfMenteesModel.swift in Sources */ = {isa = PBXBuildFile; fileRef = 683D99731EA8168C009C6F1C /* MentorTableOfMenteesModel.swift */; };
		68EF93411EB57F5300496126 /* MentorListOfMenteesTableViewCell.swift in Sources */ = {isa = PBXBuildFile; fileRef = 68EF93401EB57F5300496126 /* MentorListOfMenteesTableViewCell.swift */; };
		68EF93431EB5849B00496126 /* MenteeTableViewController.swift in Sources */ = {isa = PBXBuildFile; fileRef = 68EF93421EB5849B00496126 /* MenteeTableViewController.swift */; };
		9B319F761E959AFC003D7097 /* Main.storyboard in Resources */ = {isa = PBXBuildFile; fileRef = 9B319F751E959AFC003D7097 /* Main.storyboard */; };
		9B319F791E959B52003D7097 /* ViewController.swift in Sources */ = {isa = PBXBuildFile; fileRef = 9B319F781E959B52003D7097 /* ViewController.swift */; };
		9B3796E21E8CB76400453245 /* AppDelegate.swift in Sources */ = {isa = PBXBuildFile; fileRef = 9B3796E11E8CB76400453245 /* AppDelegate.swift */; };
		9B3796E41E8CB76400453245 /* SignInViewController.swift in Sources */ = {isa = PBXBuildFile; fileRef = 9B3796E31E8CB76400453245 /* SignInViewController.swift */; };
		9B3796E71E8CB76400453245 /* Signin.storyboard in Resources */ = {isa = PBXBuildFile; fileRef = 9B3796E51E8CB76400453245 /* Signin.storyboard */; };
		9B3796E91E8CB76400453245 /* Assets.xcassets in Resources */ = {isa = PBXBuildFile; fileRef = 9B3796E81E8CB76400453245 /* Assets.xcassets */; };
		9B3796EC1E8CB76400453245 /* LaunchScreen.storyboard in Resources */ = {isa = PBXBuildFile; fileRef = 9B3796EA1E8CB76400453245 /* LaunchScreen.storyboard */; };
		9B3796F41E8CBA8A00453245 /* RoundBorderUIView.swift in Sources */ = {isa = PBXBuildFile; fileRef = 9B3796F31E8CBA8A00453245 /* RoundBorderUIView.swift */; };
		9B3796F61E8CBB1A00453245 /* RoundBorderUIButton.swift in Sources */ = {isa = PBXBuildFile; fileRef = 9B3796F51E8CBB1A00453245 /* RoundBorderUIButton.swift */; };
		9B3796F81E8CC11F00453245 /* SignUpViewController.swift in Sources */ = {isa = PBXBuildFile; fileRef = 9B3796F71E8CC11F00453245 /* SignUpViewController.swift */; };
/* End PBXBuildFile section */

/* Begin PBXFileReference section */
		2C5089CF92A82486597B4527 /* Pods_GRIT.framework */ = {isa = PBXFileReference; explicitFileType = wrapper.framework; includeInIndex = 0; path = Pods_GRIT.framework; sourceTree = BUILT_PRODUCTS_DIR; };
		683D99581EA8055F009C6F1C /* Mentors.storyboard */ = {isa = PBXFileReference; fileEncoding = 4; lastKnownFileType = file.storyboard; path = Mentors.storyboard; sourceTree = "<group>"; };
		683D995A1EA80841009C6F1C /* MentorViewController.swift */ = {isa = PBXFileReference; fileEncoding = 4; lastKnownFileType = sourcecode.swift; path = MentorViewController.swift; sourceTree = "<group>"; };
		683D995D1EA81103009C6F1C /* MentorsModel.swift */ = {isa = PBXFileReference; fileEncoding = 4; lastKnownFileType = sourcecode.swift; path = MentorsModel.swift; sourceTree = "<group>"; };
		683D99731EA8168C009C6F1C /* MentorTableOfMenteesModel.swift */ = {isa = PBXFileReference; fileEncoding = 4; lastKnownFileType = sourcecode.swift; path = MentorTableOfMenteesModel.swift; sourceTree = "<group>"; };
		68EF93401EB57F5300496126 /* MentorListOfMenteesTableViewCell.swift */ = {isa = PBXFileReference; fileEncoding = 4; lastKnownFileType = sourcecode.swift; path = MentorListOfMenteesTableViewCell.swift; sourceTree = "<group>"; };
		68EF93421EB5849B00496126 /* MenteeTableViewController.swift */ = {isa = PBXFileReference; fileEncoding = 4; lastKnownFileType = sourcecode.swift; path = MenteeTableViewController.swift; sourceTree = "<group>"; };
		6B52795D5FFE81331E38C5C9 /* Pods-GRIT.debug.xcconfig */ = {isa = PBXFileReference; includeInIndex = 1; lastKnownFileType = text.xcconfig; name = "Pods-GRIT.debug.xcconfig"; path = "Pods/Target Support Files/Pods-GRIT/Pods-GRIT.debug.xcconfig"; sourceTree = "<group>"; };
		9B319F751E959AFC003D7097 /* Main.storyboard */ = {isa = PBXFileReference; fileEncoding = 4; lastKnownFileType = file.storyboard; path = Main.storyboard; sourceTree = "<group>"; };
		9B319F781E959B52003D7097 /* ViewController.swift */ = {isa = PBXFileReference; fileEncoding = 4; lastKnownFileType = sourcecode.swift; path = ViewController.swift; sourceTree = "<group>"; };
		9B3796DE1E8CB76400453245 /* GRIT.app */ = {isa = PBXFileReference; explicitFileType = wrapper.application; includeInIndex = 0; path = GRIT.app; sourceTree = BUILT_PRODUCTS_DIR; };
		9B3796E11E8CB76400453245 /* AppDelegate.swift */ = {isa = PBXFileReference; lastKnownFileType = sourcecode.swift; path = AppDelegate.swift; sourceTree = "<group>"; };
		9B3796E31E8CB76400453245 /* SignInViewController.swift */ = {isa = PBXFileReference; lastKnownFileType = sourcecode.swift; path = SignInViewController.swift; sourceTree = "<group>"; };
		9B3796E61E8CB76400453245 /* Base */ = {isa = PBXFileReference; lastKnownFileType = file.storyboard; name = Base; path = Base.lproj/Signin.storyboard; sourceTree = "<group>"; };
		9B3796E81E8CB76400453245 /* Assets.xcassets */ = {isa = PBXFileReference; lastKnownFileType = folder.assetcatalog; path = Assets.xcassets; sourceTree = "<group>"; };
		9B3796EB1E8CB76400453245 /* Base */ = {isa = PBXFileReference; lastKnownFileType = file.storyboard; name = Base; path = Base.lproj/LaunchScreen.storyboard; sourceTree = "<group>"; };
		9B3796ED1E8CB76400453245 /* Info.plist */ = {isa = PBXFileReference; lastKnownFileType = text.plist.xml; path = Info.plist; sourceTree = "<group>"; };
		9B3796F31E8CBA8A00453245 /* RoundBorderUIView.swift */ = {isa = PBXFileReference; fileEncoding = 4; lastKnownFileType = sourcecode.swift; path = RoundBorderUIView.swift; sourceTree = "<group>"; };
		9B3796F51E8CBB1A00453245 /* RoundBorderUIButton.swift */ = {isa = PBXFileReference; fileEncoding = 4; lastKnownFileType = sourcecode.swift; path = RoundBorderUIButton.swift; sourceTree = "<group>"; };
		9B3796F71E8CC11F00453245 /* SignUpViewController.swift */ = {isa = PBXFileReference; fileEncoding = 4; lastKnownFileType = sourcecode.swift; path = SignUpViewController.swift; sourceTree = "<group>"; };
		C1187EEDA4F3D48DD0036666 /* Pods-GRIT.release.xcconfig */ = {isa = PBXFileReference; includeInIndex = 1; lastKnownFileType = text.xcconfig; name = "Pods-GRIT.release.xcconfig"; path = "Pods/Target Support Files/Pods-GRIT/Pods-GRIT.release.xcconfig"; sourceTree = "<group>"; };
/* End PBXFileReference section */

/* Begin PBXFrameworksBuildPhase section */
		9B3796DB1E8CB76400453245 /* Frameworks */ = {
			isa = PBXFrameworksBuildPhase;
			buildActionMask = 2147483647;
			files = (
				4FBC7A8204AA0247492C10BA /* Pods_GRIT.framework in Frameworks */,
			);
			runOnlyForDeploymentPostprocessing = 0;
		};
/* End PBXFrameworksBuildPhase section */

/* Begin PBXGroup section */
		683D99551EA8047B009C6F1C /* Mentors */ = {
			isa = PBXGroup;
			children = (
				683D99611EA81530009C6F1C /* My Mentees View */,
				683D995C1EA810EF009C6F1C /* Model */,
				683D99581EA8055F009C6F1C /* Mentors.storyboard */,
				683D99571EA804B4009C6F1C /* Controller */,
			);
			name = Mentors;
			sourceTree = "<group>";
		};
		683D99571EA804B4009C6F1C /* Controller */ = {
			isa = PBXGroup;
			children = (
				683D995A1EA80841009C6F1C /* MentorViewController.swift */,
			);
			name = Controller;
			sourceTree = "<group>";
		};
		683D995C1EA810EF009C6F1C /* Model */ = {
			isa = PBXGroup;
			children = (
				683D995D1EA81103009C6F1C /* MentorsModel.swift */,
			);
			name = Model;
			sourceTree = "<group>";
		};
		683D99611EA81530009C6F1C /* My Mentees View */ = {
			isa = PBXGroup;
			children = (
				683D99661EA81587009C6F1C /* Model */,
				683D99631EA81565009C6F1C /* View */,
			);
			name = "My Mentees View";
			sourceTree = "<group>";
		};
		683D99631EA81565009C6F1C /* View */ = {
			isa = PBXGroup;
			children = (
				68EF93401EB57F5300496126 /* MentorListOfMenteesTableViewCell.swift */,
				68EF93421EB5849B00496126 /* MenteeTableViewController.swift */,
			);
			name = View;
			sourceTree = "<group>";
		};
		683D99661EA81587009C6F1C /* Model */ = {
			isa = PBXGroup;
			children = (
				683D99731EA8168C009C6F1C /* MentorTableOfMenteesModel.swift */,
			);
			name = Model;
			sourceTree = "<group>";
		};
		9B319F731E959ACE003D7097 /* View */ = {
			isa = PBXGroup;
			children = (
				9B3796F51E8CBB1A00453245 /* RoundBorderUIButton.swift */,
				9B3796F31E8CBA8A00453245 /* RoundBorderUIView.swift */,
			);
			name = View;
			sourceTree = "<group>";
		};
		9B319F741E959AD7003D7097 /* Signin */ = {
			isa = PBXGroup;
			children = (
				9B319F771E959B25003D7097 /* Controller */,
				9B3796E51E8CB76400453245 /* Signin.storyboard */,
			);
			name = Signin;
			sourceTree = "<group>";
		};
		9B319F771E959B25003D7097 /* Controller */ = {
			isa = PBXGroup;
			children = (
				9B3796E31E8CB76400453245 /* SignInViewController.swift */,
				9B3796F71E8CC11F00453245 /* SignUpViewController.swift */,
			);
			name = Controller;
			sourceTree = "<group>";
		};
		9B319F7A1E959B5C003D7097 /* Controller */ = {
			isa = PBXGroup;
			children = (
				9B319F781E959B52003D7097 /* ViewController.swift */,
			);
			name = Controller;
			sourceTree = "<group>";
		};
		9B319F7B1E959B6B003D7097 /* Main */ = {
			isa = PBXGroup;
			children = (
				9B319F7A1E959B5C003D7097 /* Controller */,
				9B319F731E959ACE003D7097 /* View */,
				9B319F751E959AFC003D7097 /* Main.storyboard */,
			);
			name = Main;
			sourceTree = "<group>";
		};
		9B3796D51E8CB76400453245 = {
			isa = PBXGroup;
			children = (
				9B3796E01E8CB76400453245 /* GRIT */,
				9B3796DF1E8CB76400453245 /* Products */,
				E48F9975FAF211BC98222BC2 /* Pods */,
				C03BF3F6E1F22160BA936A67 /* Frameworks */,
			);
			sourceTree = "<group>";
		};
		9B3796DF1E8CB76400453245 /* Products */ = {
			isa = PBXGroup;
			children = (
				9B3796DE1E8CB76400453245 /* GRIT.app */,
			);
			name = Products;
			sourceTree = "<group>";
		};
		9B3796E01E8CB76400453245 /* GRIT */ = {
			isa = PBXGroup;
			children = (
				9B3796E11E8CB76400453245 /* AppDelegate.swift */,
				683D99551EA8047B009C6F1C /* Mentors */,
				9B319F7B1E959B6B003D7097 /* Main */,
				9B319F741E959AD7003D7097 /* Signin */,
				9B3796E81E8CB76400453245 /* Assets.xcassets */,
				9B3796EA1E8CB76400453245 /* LaunchScreen.storyboard */,
				9B3796ED1E8CB76400453245 /* Info.plist */,
			);
			path = GRIT;
			sourceTree = "<group>";
		};
		C03BF3F6E1F22160BA936A67 /* Frameworks */ = {
			isa = PBXGroup;
			children = (
				2C5089CF92A82486597B4527 /* Pods_GRIT.framework */,
			);
			name = Frameworks;
			sourceTree = "<group>";
		};
		E48F9975FAF211BC98222BC2 /* Pods */ = {
			isa = PBXGroup;
			children = (
				6B52795D5FFE81331E38C5C9 /* Pods-GRIT.debug.xcconfig */,
				C1187EEDA4F3D48DD0036666 /* Pods-GRIT.release.xcconfig */,
			);
			name = Pods;
			sourceTree = "<group>";
		};
/* End PBXGroup section */

/* Begin PBXNativeTarget section */
		9B3796DD1E8CB76400453245 /* GRIT */ = {
			isa = PBXNativeTarget;
			buildConfigurationList = 9B3796F01E8CB76400453245 /* Build configuration list for PBXNativeTarget "GRIT" */;
			buildPhases = (
				AC841F032F39B06488BB92AC /* [CP] Check Pods Manifest.lock */,
				9B3796DA1E8CB76400453245 /* Sources */,
				9B3796DB1E8CB76400453245 /* Frameworks */,
				9B3796DC1E8CB76400453245 /* Resources */,
				0AB52F768C25CDA8620744A3 /* [CP] Embed Pods Frameworks */,
				C0DFA079422AE2755A2ED7EC /* [CP] Copy Pods Resources */,
			);
			buildRules = (
			);
			dependencies = (
			);
			name = GRIT;
			productName = GRIT;
			productReference = 9B3796DE1E8CB76400453245 /* GRIT.app */;
			productType = "com.apple.product-type.application";
		};
/* End PBXNativeTarget section */

/* Begin PBXProject section */
		9B3796D61E8CB76400453245 /* Project object */ = {
			isa = PBXProject;
			attributes = {
				LastSwiftUpdateCheck = 0830;
				LastUpgradeCheck = 0830;
				ORGANIZATIONNAME = CodeThatCares;
				TargetAttributes = {
					9B3796DD1E8CB76400453245 = {
						CreatedOnToolsVersion = 8.3;
						DevelopmentTeam = 27M48FAK5G;
						ProvisioningStyle = Automatic;
					};
				};
			};
			buildConfigurationList = 9B3796D91E8CB76400453245 /* Build configuration list for PBXProject "GRIT" */;
			compatibilityVersion = "Xcode 3.2";
			developmentRegion = English;
			hasScannedForEncodings = 0;
			knownRegions = (
				en,
				Base,
			);
			mainGroup = 9B3796D51E8CB76400453245;
			productRefGroup = 9B3796DF1E8CB76400453245 /* Products */;
			projectDirPath = "";
			projectRoot = "";
			targets = (
				9B3796DD1E8CB76400453245 /* GRIT */,
			);
		};
/* End PBXProject section */

/* Begin PBXResourcesBuildPhase section */
		9B3796DC1E8CB76400453245 /* Resources */ = {
			isa = PBXResourcesBuildPhase;
			buildActionMask = 2147483647;
			files = (
				683D99591EA8055F009C6F1C /* Mentors.storyboard in Resources */,
				9B3796EC1E8CB76400453245 /* LaunchScreen.storyboard in Resources */,
				9B3796E91E8CB76400453245 /* Assets.xcassets in Resources */,
				9B3796E71E8CB76400453245 /* Signin.storyboard in Resources */,
				9B319F761E959AFC003D7097 /* Main.storyboard in Resources */,
			);
			runOnlyForDeploymentPostprocessing = 0;
		};
/* End PBXResourcesBuildPhase section */

/* Begin PBXShellScriptBuildPhase section */
		0AB52F768C25CDA8620744A3 /* [CP] Embed Pods Frameworks */ = {
			isa = PBXShellScriptBuildPhase;
			buildActionMask = 2147483647;
			files = (
			);
			inputPaths = (
			);
			name = "[CP] Embed Pods Frameworks";
			outputPaths = (
			);
			runOnlyForDeploymentPostprocessing = 0;
			shellPath = /bin/sh;
			shellScript = "\"${SRCROOT}/Pods/Target Support Files/Pods-GRIT/Pods-GRIT-frameworks.sh\"\n";
			showEnvVarsInLog = 0;
		};
		AC841F032F39B06488BB92AC /* [CP] Check Pods Manifest.lock */ = {
			isa = PBXShellScriptBuildPhase;
			buildActionMask = 2147483647;
			files = (
			);
			inputPaths = (
			);
			name = "[CP] Check Pods Manifest.lock";
			outputPaths = (
			);
			runOnlyForDeploymentPostprocessing = 0;
			shellPath = /bin/sh;
			shellScript = "diff \"${PODS_ROOT}/../Podfile.lock\" \"${PODS_ROOT}/Manifest.lock\" > /dev/null\nif [ $? != 0 ] ; then\n    # print error to STDERR\n    echo \"error: The sandbox is not in sync with the Podfile.lock. Run 'pod install' or update your CocoaPods installation.\" >&2\n    exit 1\nfi\n";
			showEnvVarsInLog = 0;
		};
		C0DFA079422AE2755A2ED7EC /* [CP] Copy Pods Resources */ = {
			isa = PBXShellScriptBuildPhase;
			buildActionMask = 2147483647;
			files = (
			);
			inputPaths = (
			);
			name = "[CP] Copy Pods Resources";
			outputPaths = (
			);
			runOnlyForDeploymentPostprocessing = 0;
			shellPath = /bin/sh;
			shellScript = "\"${SRCROOT}/Pods/Target Support Files/Pods-GRIT/Pods-GRIT-resources.sh\"\n";
			showEnvVarsInLog = 0;
		};
/* End PBXShellScriptBuildPhase section */

/* Begin PBXSourcesBuildPhase section */
		9B3796DA1E8CB76400453245 /* Sources */ = {
			isa = PBXSourcesBuildPhase;
			buildActionMask = 2147483647;
			files = (
				9B319F791E959B52003D7097 /* ViewController.swift in Sources */,
				68EF93411EB57F5300496126 /* MentorListOfMenteesTableViewCell.swift in Sources */,
				683D99741EA8168C009C6F1C /* MentorTableOfMenteesModel.swift in Sources */,
				9B3796F61E8CBB1A00453245 /* RoundBorderUIButton.swift in Sources */,
				9B3796E41E8CB76400453245 /* SignInViewController.swift in Sources */,
				68EF93431EB5849B00496126 /* MenteeTableViewController.swift in Sources */,
				683D995B1EA80841009C6F1C /* MentorViewController.swift in Sources */,
				9B3796E21E8CB76400453245 /* AppDelegate.swift in Sources */,
				9B3796F41E8CBA8A00453245 /* RoundBorderUIView.swift in Sources */,
				683D995E1EA81103009C6F1C /* MentorsModel.swift in Sources */,
				9B3796F81E8CC11F00453245 /* SignUpViewController.swift in Sources */,
			);
			runOnlyForDeploymentPostprocessing = 0;
		};
/* End PBXSourcesBuildPhase section */

/* Begin PBXVariantGroup section */
		9B3796E51E8CB76400453245 /* Signin.storyboard */ = {
			isa = PBXVariantGroup;
			children = (
				9B3796E61E8CB76400453245 /* Base */,
			);
			name = Signin.storyboard;
			sourceTree = "<group>";
		};
		9B3796EA1E8CB76400453245 /* LaunchScreen.storyboard */ = {
			isa = PBXVariantGroup;
			children = (
				9B3796EB1E8CB76400453245 /* Base */,
			);
			name = LaunchScreen.storyboard;
			sourceTree = "<group>";
		};
/* End PBXVariantGroup section */

/* Begin XCBuildConfiguration section */
		9B3796EE1E8CB76400453245 /* Debug */ = {
			isa = XCBuildConfiguration;
			buildSettings = {
				ALWAYS_SEARCH_USER_PATHS = NO;
				CLANG_ANALYZER_NONNULL = YES;
				CLANG_ANALYZER_NUMBER_OBJECT_CONVERSION = YES_AGGRESSIVE;
				CLANG_CXX_LANGUAGE_STANDARD = "gnu++0x";
				CLANG_CXX_LIBRARY = "libc++";
				CLANG_ENABLE_MODULES = YES;
				CLANG_ENABLE_OBJC_ARC = YES;
				CLANG_WARN_BOOL_CONVERSION = YES;
				CLANG_WARN_CONSTANT_CONVERSION = YES;
				CLANG_WARN_DIRECT_OBJC_ISA_USAGE = YES_ERROR;
				CLANG_WARN_DOCUMENTATION_COMMENTS = YES;
				CLANG_WARN_EMPTY_BODY = YES;
				CLANG_WARN_ENUM_CONVERSION = YES;
				CLANG_WARN_INFINITE_RECURSION = YES;
				CLANG_WARN_INT_CONVERSION = YES;
				CLANG_WARN_OBJC_ROOT_CLASS = YES_ERROR;
				CLANG_WARN_SUSPICIOUS_MOVE = YES;
				CLANG_WARN_UNREACHABLE_CODE = YES;
				CLANG_WARN__DUPLICATE_METHOD_MATCH = YES;
				"CODE_SIGN_IDENTITY[sdk=iphoneos*]" = "iPhone Developer";
				COPY_PHASE_STRIP = NO;
				DEBUG_INFORMATION_FORMAT = dwarf;
				ENABLE_STRICT_OBJC_MSGSEND = YES;
				ENABLE_TESTABILITY = YES;
				GCC_C_LANGUAGE_STANDARD = gnu99;
				GCC_DYNAMIC_NO_PIC = NO;
				GCC_NO_COMMON_BLOCKS = YES;
				GCC_OPTIMIZATION_LEVEL = 0;
				GCC_PREPROCESSOR_DEFINITIONS = (
					"DEBUG=1",
					"$(inherited)",
				);
				GCC_WARN_64_TO_32_BIT_CONVERSION = YES;
				GCC_WARN_ABOUT_RETURN_TYPE = YES_ERROR;
				GCC_WARN_UNDECLARED_SELECTOR = YES;
				GCC_WARN_UNINITIALIZED_AUTOS = YES_AGGRESSIVE;
				GCC_WARN_UNUSED_FUNCTION = YES;
				GCC_WARN_UNUSED_VARIABLE = YES;
				IPHONEOS_DEPLOYMENT_TARGET = 10.3;
				MTL_ENABLE_DEBUG_INFO = YES;
				ONLY_ACTIVE_ARCH = YES;
				SDKROOT = iphoneos;
				SWIFT_ACTIVE_COMPILATION_CONDITIONS = DEBUG;
				SWIFT_OPTIMIZATION_LEVEL = "-Onone";
			};
			name = Debug;
		};
		9B3796EF1E8CB76400453245 /* Release */ = {
			isa = XCBuildConfiguration;
			buildSettings = {
				ALWAYS_SEARCH_USER_PATHS = NO;
				CLANG_ANALYZER_NONNULL = YES;
				CLANG_ANALYZER_NUMBER_OBJECT_CONVERSION = YES_AGGRESSIVE;
				CLANG_CXX_LANGUAGE_STANDARD = "gnu++0x";
				CLANG_CXX_LIBRARY = "libc++";
				CLANG_ENABLE_MODULES = YES;
				CLANG_ENABLE_OBJC_ARC = YES;
				CLANG_WARN_BOOL_CONVERSION = YES;
				CLANG_WARN_CONSTANT_CONVERSION = YES;
				CLANG_WARN_DIRECT_OBJC_ISA_USAGE = YES_ERROR;
				CLANG_WARN_DOCUMENTATION_COMMENTS = YES;
				CLANG_WARN_EMPTY_BODY = YES;
				CLANG_WARN_ENUM_CONVERSION = YES;
				CLANG_WARN_INFINITE_RECURSION = YES;
				CLANG_WARN_INT_CONVERSION = YES;
				CLANG_WARN_OBJC_ROOT_CLASS = YES_ERROR;
				CLANG_WARN_SUSPICIOUS_MOVE = YES;
				CLANG_WARN_UNREACHABLE_CODE = YES;
				CLANG_WARN__DUPLICATE_METHOD_MATCH = YES;
				"CODE_SIGN_IDENTITY[sdk=iphoneos*]" = "iPhone Developer";
				COPY_PHASE_STRIP = NO;
				DEBUG_INFORMATION_FORMAT = "dwarf-with-dsym";
				ENABLE_NS_ASSERTIONS = NO;
				ENABLE_STRICT_OBJC_MSGSEND = YES;
				GCC_C_LANGUAGE_STANDARD = gnu99;
				GCC_NO_COMMON_BLOCKS = YES;
				GCC_WARN_64_TO_32_BIT_CONVERSION = YES;
				GCC_WARN_ABOUT_RETURN_TYPE = YES_ERROR;
				GCC_WARN_UNDECLARED_SELECTOR = YES;
				GCC_WARN_UNINITIALIZED_AUTOS = YES_AGGRESSIVE;
				GCC_WARN_UNUSED_FUNCTION = YES;
				GCC_WARN_UNUSED_VARIABLE = YES;
				IPHONEOS_DEPLOYMENT_TARGET = 10.3;
				MTL_ENABLE_DEBUG_INFO = NO;
				SDKROOT = iphoneos;
				SWIFT_OPTIMIZATION_LEVEL = "-Owholemodule";
				VALIDATE_PRODUCT = YES;
			};
			name = Release;
		};
		9B3796F11E8CB76400453245 /* Debug */ = {
			isa = XCBuildConfiguration;
			baseConfigurationReference = 6B52795D5FFE81331E38C5C9 /* Pods-GRIT.debug.xcconfig */;
			buildSettings = {
				ASSETCATALOG_COMPILER_APPICON_NAME = AppIcon;
				"CODE_SIGN_IDENTITY[sdk=iphoneos*]" = "iPhone Developer";
				DEVELOPMENT_TEAM = 27M48FAK5G;
				INFOPLIST_FILE = GRIT/Info.plist;
				LD_RUNPATH_SEARCH_PATHS = "$(inherited) @executable_path/Frameworks";
				PRODUCT_BUNDLE_IDENTIFIER = com.codethatcares.GRIT;
				PRODUCT_NAME = "$(TARGET_NAME)";
				PROVISIONING_PROFILE_SPECIFIER = "";
				SWIFT_VERSION = 3.0;
			};
			name = Debug;
		};
		9B3796F21E8CB76400453245 /* Release */ = {
			isa = XCBuildConfiguration;
			baseConfigurationReference = C1187EEDA4F3D48DD0036666 /* Pods-GRIT.release.xcconfig */;
			buildSettings = {
				ASSETCATALOG_COMPILER_APPICON_NAME = AppIcon;
				"CODE_SIGN_IDENTITY[sdk=iphoneos*]" = "iPhone Developer";
				DEVELOPMENT_TEAM = 27M48FAK5G;
				INFOPLIST_FILE = GRIT/Info.plist;
				LD_RUNPATH_SEARCH_PATHS = "$(inherited) @executable_path/Frameworks";
				PRODUCT_BUNDLE_IDENTIFIER = com.codethatcares.GRIT;
				PRODUCT_NAME = "$(TARGET_NAME)";
				PROVISIONING_PROFILE_SPECIFIER = "";
				SWIFT_VERSION = 3.0;
			};
			name = Release;
		};
/* End XCBuildConfiguration section */

/* Begin XCConfigurationList section */
		9B3796D91E8CB76400453245 /* Build configuration list for PBXProject "GRIT" */ = {
			isa = XCConfigurationList;
			buildConfigurations = (
				9B3796EE1E8CB76400453245 /* Debug */,
				9B3796EF1E8CB76400453245 /* Release */,
			);
			defaultConfigurationIsVisible = 0;
			defaultConfigurationName = Release;
		};
		9B3796F01E8CB76400453245 /* Build configuration list for PBXNativeTarget "GRIT" */ = {
			isa = XCConfigurationList;
			buildConfigurations = (
				9B3796F11E8CB76400453245 /* Debug */,
				9B3796F21E8CB76400453245 /* Release */,
			);
			defaultConfigurationIsVisible = 0;
			defaultConfigurationName = Release;
		};
/* End XCConfigurationList section */
	};
	rootObject = 9B3796D61E8CB76400453245 /* Project object */;
}
